{
  "name": "asp.net",
  "version": "1.0.0",
  "lockfileVersion": 1,
  "requires": true,
  "dependencies": {
    "bootstrap": {
      "version": "4.3.1",
      "resolved": "http://artifactory.its.manchester.ac.uk/artifactory/api/npm/uom-common_services-npm/bootstrap/-/bootstrap-4.3.1.tgz",
      "integrity": "sha1-KAyo9hBQTZnXtrS/xLaM7GAXBKw="
    },
    "font-awesome": {
      "version": "4.7.0",
      "resolved": "http://artifactory.its.manchester.ac.uk/artifactory/api/npm/uom-common_services-npm/font-awesome/-/font-awesome-4.7.0.tgz",
      "integrity": "sha1-j6jPBBGhoxr9B7BtKQK7n8gVoTM="
    },
    "jquery": {
      "version": "3.4.1",
      "resolved": "http://artifactory.its.manchester.ac.uk/artifactory/api/npm/uom-common_services-npm/jquery/-/jquery-3.4.1.tgz",
      "integrity": "sha1-cU8fjZ3eS9+lV2S6N+8hRjDYDvI="
    },
    "jquery-validation": {
      "version": "1.19.1",
      "resolved": "http://artifactory.its.manchester.ac.uk/artifactory/api/npm/uom-common_services-npm/jquery-validation/-/jquery-validation-1.19.1.tgz",
      "integrity": "sha1-qFBDRn3Ctw2f/wV3hkbRUOdHdC8="
    },
    "jquery-validation-unobtrusive": {
      "version": "3.2.10",
      "resolved": "http://artifactory.its.manchester.ac.uk/artifactory/api/npm/uom-common_services-npm/jquery-validation-unobtrusive/-/jquery-validation-unobtrusive-3.2.10.tgz",
      "integrity": "sha1-XtcJbBDZF8JyznEFW5DKZ8J8IZw=",
      "requires": {
        "jquery": ">=1.8",
        "jquery-validation": ">=1.16"
      }
    }
  }
}
